// !$*UTF8*$!
{
	archiveVersion = 1;
	classes = {
	};
	objectVersion = 56;
	objects = {

/* Begin PBXBuildFile section */
		042822932B3F4E4100BB8571 /* AppDelegate.swift in Sources */ = {isa = PBXBuildFile; fileRef = 042822922B3F4E4100BB8571 /* AppDelegate.swift */; };
		042822952B3F4E4100BB8571 /* SceneDelegate.swift in Sources */ = {isa = PBXBuildFile; fileRef = 042822942B3F4E4100BB8571 /* SceneDelegate.swift */; };
		042822972B3F4E4100BB8571 /* ViewController.swift in Sources */ = {isa = PBXBuildFile; fileRef = 042822962B3F4E4100BB8571 /* ViewController.swift */; };
		0428229A2B3F4E4100BB8571 /* Main.storyboard in Resources */ = {isa = PBXBuildFile; fileRef = 042822982B3F4E4100BB8571 /* Main.storyboard */; };
		0428229C2B3F4E4400BB8571 /* Assets.xcassets in Resources */ = {isa = PBXBuildFile; fileRef = 0428229B2B3F4E4400BB8571 /* Assets.xcassets */; };
		0428229F2B3F4E4400BB8571 /* LaunchScreen.storyboard in Resources */ = {isa = PBXBuildFile; fileRef = 0428229D2B3F4E4400BB8571 /* LaunchScreen.storyboard */; };
		042822AA2B3F4E4500BB8571 /* RoundButtonTests.swift in Sources */ = {isa = PBXBuildFile; fileRef = 042822A92B3F4E4500BB8571 /* RoundButtonTests.swift */; };
		042822B42B3F4E4500BB8571 /* RoundButtonUITests.swift in Sources */ = {isa = PBXBuildFile; fileRef = 042822B32B3F4E4500BB8571 /* RoundButtonUITests.swift */; };
		042822B62B3F4E4500BB8571 /* RoundButtonUITestsLaunchTests.swift in Sources */ = {isa = PBXBuildFile; fileRef = 042822B52B3F4E4500BB8571 /* RoundButtonUITestsLaunchTests.swift */; };
/* End PBXBuildFile section */

/* Begin PBXContainerItemProxy section */
		042822A62B3F4E4500BB8571 /* PBXContainerItemProxy */ = {
			isa = PBXContainerItemProxy;
			containerPortal = 042822872B3F4E4100BB8571 /* Project object */;
			proxyType = 1;
			remoteGlobalIDString = 0428228E2B3F4E4100BB8571;
			remoteInfo = RoundButton;
		};
		042822B02B3F4E4500BB8571 /* PBXContainerItemProxy */ = {
			isa = PBXContainerItemProxy;
			containerPortal = 042822872B3F4E4100BB8571 /* Project object */;
			proxyType = 1;
			remoteGlobalIDString = 0428228E2B3F4E4100BB8571;
			remoteInfo = RoundButton;
		};
/* End PBXContainerItemProxy section */

/* Begin PBXFileReference section */
		0428228F2B3F4E4100BB8571 /* RoundButton.app */ = {isa = PBXFileReference; explicitFileType = wrapper.application; includeInIndex = 0; path = RoundButton.app; sourceTree = BUILT_PRODUCTS_DIR; };
		042822922B3F4E4100BB8571 /* AppDelegate.swift */ = {isa = PBXFileReference; lastKnownFileType = sourcecode.swift; path = AppDelegate.swift; sourceTree = "<group>"; };
		042822942B3F4E4100BB8571 /* SceneDelegate.swift */ = {isa = PBXFileReference; lastKnownFileType = sourcecode.swift; path = SceneDelegate.swift; sourceTree = "<group>"; };
		042822962B3F4E4100BB8571 /* ViewController.swift */ = {isa = PBXFileReference; lastKnownFileType = sourcecode.swift; path = ViewController.swift; sourceTree = "<group>"; };
		042822992B3F4E4100BB8571 /* Base */ = {isa = PBXFileReference; lastKnownFileType = file.storyboard; name = Base; path = Base.lproj/Main.storyboard; sourceTree = "<group>"; };
		0428229B2B3F4E4400BB8571 /* Assets.xcassets */ = {isa = PBXFileReference; lastKnownFileType = folder.assetcatalog; path = Assets.xcassets; sourceTree = "<group>"; };
		0428229E2B3F4E4400BB8571 /* Base */ = {isa = PBXFileReference; lastKnownFileType = file.storyboard; name = Base; path = Base.lproj/LaunchScreen.storyboard; sourceTree = "<group>"; };
		042822A02B3F4E4400BB8571 /* Info.plist */ = {isa = PBXFileReference; lastKnownFileType = text.plist.xml; path = Info.plist; sourceTree = "<group>"; };
		042822A52B3F4E4500BB8571 /* RoundButtonTests.xctest */ = {isa = PBXFileReference; explicitFileType = wrapper.cfbundle; includeInIndex = 0; path = RoundButtonTests.xctest; sourceTree = BUILT_PRODUCTS_DIR; };
		042822A92B3F4E4500BB8571 /* RoundButtonTests.swift */ = {isa = PBXFileReference; lastKnownFileType = sourcecode.swift; path = RoundButtonTests.swift; sourceTree = "<group>"; };
		042822AF2B3F4E4500BB8571 /* RoundButtonUITests.xctest */ = {isa = PBXFileReference; explicitFileType = wrapper.cfbundle; includeInIndex = 0; path = RoundButtonUITests.xctest; sourceTree = BUILT_PRODUCTS_DIR; };
		042822B32B3F4E4500BB8571 /* RoundButtonUITests.swift */ = {isa = PBXFileReference; lastKnownFileType = sourcecode.swift; path = RoundButtonUITests.swift; sourceTree = "<group>"; };
		042822B52B3F4E4500BB8571 /* RoundButtonUITestsLaunchTests.swift */ = {isa = PBXFileReference; lastKnownFileType = sourcecode.swift; path = RoundButtonUITestsLaunchTests.swift; sourceTree = "<group>"; };
/* End PBXFileReference section */

/* Begin PBXFrameworksBuildPhase section */
		0428228C2B3F4E4100BB8571 /* Frameworks */ = {
			isa = PBXFrameworksBuildPhase;
			buildActionMask = 2147483647;
			files = (
			);
			runOnlyForDeploymentPostprocessing = 0;
		};
		042822A22B3F4E4500BB8571 /* Frameworks */ = {
			isa = PBXFrameworksBuildPhase;
			buildActionMask = 2147483647;
			files = (
			);
			runOnlyForDeploymentPostprocessing = 0;
		};
		042822AC2B3F4E4500BB8571 /* Frameworks */ = {
			isa = PBXFrameworksBuildPhase;
			buildActionMask = 2147483647;
			files = (
			);
			runOnlyForDeploymentPostprocessing = 0;
		};
/* End PBXFrameworksBuildPhase section */

/* Begin PBXGroup section */
		042822862B3F4E4100BB8571 = {
			isa = PBXGroup;
			children = (
				042822912B3F4E4100BB8571 /* RoundButton */,
				042822A82B3F4E4500BB8571 /* RoundButtonTests */,
				042822B22B3F4E4500BB8571 /* RoundButtonUITests */,
				042822902B3F4E4100BB8571 /* Products */,
			);
			sourceTree = "<group>";
		};
		042822902B3F4E4100BB8571 /* Products */ = {
			isa = PBXGroup;
			children = (
				0428228F2B3F4E4100BB8571 /* RoundButton.app */,
				042822A52B3F4E4500BB8571 /* RoundButtonTests.xctest */,
				042822AF2B3F4E4500BB8571 /* RoundButtonUITests.xctest */,
			);
			name = Products;
			sourceTree = "<group>";
		};
		042822912B3F4E4100BB8571 /* RoundButton */ = {
			isa = PBXGroup;
			children = (
				042822922B3F4E4100BB8571 /* AppDelegate.swift */,
				042822942B3F4E4100BB8571 /* SceneDelegate.swift */,
				042822962B3F4E4100BB8571 /* ViewController.swift */,
				042822982B3F4E4100BB8571 /* Main.storyboard */,
				0428229B2B3F4E4400BB8571 /* Assets.xcassets */,
				0428229D2B3F4E4400BB8571 /* LaunchScreen.storyboard */,
				042822A02B3F4E4400BB8571 /* Info.plist */,
			);
			path = RoundButton;
			sourceTree = "<group>";
		};
		042822A82B3F4E4500BB8571 /* RoundButtonTests */ = {
			isa = PBXGroup;
			children = (
				042822A92B3F4E4500BB8571 /* RoundButtonTests.swift */,
			);
			path = RoundButtonTests;
			sourceTree = "<group>";
		};
		042822B22B3F4E4500BB8571 /* RoundButtonUITests */ = {
			isa = PBXGroup;
			children = (
				042822B32B3F4E4500BB8571 /* RoundButtonUITests.swift */,
				042822B52B3F4E4500BB8571 /* RoundButtonUITestsLaunchTests.swift */,
			);
			path = RoundButtonUITests;
			sourceTree = "<group>";
		};
/* End PBXGroup section */

/* Begin PBXNativeTarget section */
		0428228E2B3F4E4100BB8571 /* RoundButton */ = {
			isa = PBXNativeTarget;
			buildConfigurationList = 042822B92B3F4E4500BB8571 /* Build configuration list for PBXNativeTarget "RoundButton" */;
			buildPhases = (
				0428228B2B3F4E4100BB8571 /* Sources */,
				0428228C2B3F4E4100BB8571 /* Frameworks */,
				0428228D2B3F4E4100BB8571 /* Resources */,
			);
			buildRules = (
			);
			dependencies = (
			);
			name = RoundButton;
			productName = RoundButton;
			productReference = 0428228F2B3F4E4100BB8571 /* RoundButton.app */;
			productType = "com.apple.product-type.application";
		};
		042822A42B3F4E4500BB8571 /* RoundButtonTests */ = {
			isa = PBXNativeTarget;
			buildConfigurationList = 042822BC2B3F4E4500BB8571 /* Build configuration list for PBXNativeTarget "RoundButtonTests" */;
			buildPhases = (
				042822A12B3F4E4500BB8571 /* Sources */,
				042822A22B3F4E4500BB8571 /* Frameworks */,
				042822A32B3F4E4500BB8571 /* Resources */,
			);
			buildRules = (
			);
			dependencies = (
				042822A72B3F4E4500BB8571 /* PBXTargetDependency */,
			);
			name = RoundButtonTests;
			productName = RoundButtonTests;
			productReference = 042822A52B3F4E4500BB8571 /* RoundButtonTests.xctest */;
			productType = "com.apple.product-type.bundle.unit-test";
		};
		042822AE2B3F4E4500BB8571 /* RoundButtonUITests */ = {
			isa = PBXNativeTarget;
			buildConfigurationList = 042822BF2B3F4E4500BB8571 /* Build configuration list for PBXNativeTarget "RoundButtonUITests" */;
			buildPhases = (
				042822AB2B3F4E4500BB8571 /* Sources */,
				042822AC2B3F4E4500BB8571 /* Frameworks */,
				042822AD2B3F4E4500BB8571 /* Resources */,
			);
			buildRules = (
			);
			dependencies = (
				042822B12B3F4E4500BB8571 /* PBXTargetDependency */,
			);
			name = RoundButtonUITests;
			productName = RoundButtonUITests;
			productReference = 042822AF2B3F4E4500BB8571 /* RoundButtonUITests.xctest */;
			productType = "com.apple.product-type.bundle.ui-testing";
		};
/* End PBXNativeTarget section */

/* Begin PBXProject section */
		042822872B3F4E4100BB8571 /* Project object */ = {
			isa = PBXProject;
			attributes = {
				BuildIndependentTargetsInParallel = 1;
				LastSwiftUpdateCheck = 1420;
				LastUpgradeCheck = 1420;
				TargetAttributes = {
					0428228E2B3F4E4100BB8571 = {
						CreatedOnToolsVersion = 14.2;
					};
					042822A42B3F4E4500BB8571 = {
						CreatedOnToolsVersion = 14.2;
						TestTargetID = 0428228E2B3F4E4100BB8571;
					};
					042822AE2B3F4E4500BB8571 = {
						CreatedOnToolsVersion = 14.2;
						TestTargetID = 0428228E2B3F4E4100BB8571;
					};
				};
			};
			buildConfigurationList = 0428228A2B3F4E4100BB8571 /* Build configuration list for PBXProject "RoundButton" */;
			compatibilityVersion = "Xcode 14.0";
			developmentRegion = en;
			hasScannedForEncodings = 0;
			knownRegions = (
				en,
				Base,
			);
			mainGroup = 042822862B3F4E4100BB8571;
			productRefGroup = 042822902B3F4E4100BB8571 /* Products */;
			projectDirPath = "";
			projectRoot = "";
			targets = (
				0428228E2B3F4E4100BB8571 /* RoundButton */,
				042822A42B3F4E4500BB8571 /* RoundButtonTests */,
				042822AE2B3F4E4500BB8571 /* RoundButtonUITests */,
			);
		};
/* End PBXProject section */

/* Begin PBXResourcesBuildPhase section */
		0428228D2B3F4E4100BB8571 /* Resources */ = {
			isa = PBXResourcesBuildPhase;
			buildActionMask = 2147483647;
			files = (
				0428229F2B3F4E4400BB8571 /* LaunchScreen.storyboard in Resources */,
				0428229C2B3F4E4400BB8571 /* Assets.xcassets in Resources */,
				0428229A2B3F4E4100BB8571 /* Main.storyboard in Resources */,
			);
			runOnlyForDeploymentPostprocessing = 0;
		};
		042822A32B3F4E4500BB8571 /* Resources */ = {
			isa = PBXResourcesBuildPhase;
			buildActionMask = 2147483647;
			files = (
			);
			runOnlyForDeploymentPostprocessing = 0;
		};
		042822AD2B3F4E4500BB8571 /* Resources */ = {
			isa = PBXResourcesBuildPhase;
			buildActionMask = 2147483647;
			files = (
			);
			runOnlyForDeploymentPostprocessing = 0;
		};
/* End PBXResourcesBuildPhase section */

/* Begin PBXSourcesBuildPhase section */
		0428228B2B3F4E4100BB8571 /* Sources */ = {
			isa = PBXSourcesBuildPhase;
			buildActionMask = 2147483647;
			files = (
				042822972B3F4E4100BB8571 /* ViewController.swift in Sources */,
				042822932B3F4E4100BB8571 /* AppDelegate.swift in Sources */,
				042822952B3F4E4100BB8571 /* SceneDelegate.swift in Sources */,
			);
			runOnlyForDeploymentPostprocessing = 0;
		};
		042822A12B3F4E4500BB8571 /* Sources */ = {
			isa = PBXSourcesBuildPhase;
			buildActionMask = 2147483647;
			files = (
				042822AA2B3F4E4500BB8571 /* RoundButtonTests.swift in Sources */,
			);
			runOnlyForDeploymentPostprocessing = 0;
		};
		042822AB2B3F4E4500BB8571 /* Sources */ = {
			isa = PBXSourcesBuildPhase;
			buildActionMask = 2147483647;
			files = (
				042822B42B3F4E4500BB8571 /* RoundButtonUITests.swift in Sources */,
				042822B62B3F4E4500BB8571 /* RoundButtonUITestsLaunchTests.swift in Sources */,
			);
			runOnlyForDeploymentPostprocessing = 0;
		};
/* End PBXSourcesBuildPhase section */

/* Begin PBXTargetDependency section */
		042822A72B3F4E4500BB8571 /* PBXTargetDependency */ = {
			isa = PBXTargetDependency;
			target = 0428228E2B3F4E4100BB8571 /* RoundButton */;
			targetProxy = 042822A62B3F4E4500BB8571 /* PBXContainerItemProxy */;
		};
		042822B12B3F4E4500BB8571 /* PBXTargetDependency */ = {
			isa = PBXTargetDependency;
			target = 0428228E2B3F4E4100BB8571 /* RoundButton */;
			targetProxy = 042822B02B3F4E4500BB8571 /* PBXContainerItemProxy */;
		};
/* End PBXTargetDependency section */

/* Begin PBXVariantGroup section */
		042822982B3F4E4100BB8571 /* Main.storyboard */ = {
			isa = PBXVariantGroup;
			children = (
				042822992B3F4E4100BB8571 /* Base */,
			);
			name = Main.storyboard;
			sourceTree = "<group>";
		};
		0428229D2B3F4E4400BB8571 /* LaunchScreen.storyboard */ = {
			isa = PBXVariantGroup;
			children = (
				0428229E2B3F4E4400BB8571 /* Base */,
			);
			name = LaunchScreen.storyboard;
			sourceTree = "<group>";
		};
/* End PBXVariantGroup section */

/* Begin XCBuildConfiguration section */
		042822B72B3F4E4500BB8571 /* Debug */ = {
			isa = XCBuildConfiguration;
			buildSettings = {
				ALWAYS_SEARCH_USER_PATHS = NO;
				CLANG_ANALYZER_NONNULL = YES;
				CLANG_ANALYZER_NUMBER_OBJECT_CONVERSION = YES_AGGRESSIVE;
				CLANG_CXX_LANGUAGE_STANDARD = "gnu++20";
				CLANG_ENABLE_MODULES = YES;
				CLANG_ENABLE_OBJC_ARC = YES;
				CLANG_ENABLE_OBJC_WEAK = YES;
				CLANG_WARN_BLOCK_CAPTURE_AUTORELEASING = YES;
				CLANG_WARN_BOOL_CONVERSION = YES;
				CLANG_WARN_COMMA = YES;
				CLANG_WARN_CONSTANT_CONVERSION = YES;
				CLANG_WARN_DEPRECATED_OBJC_IMPLEMENTATIONS = YES;
				CLANG_WARN_DIRECT_OBJC_ISA_USAGE = YES_ERROR;
				CLANG_WARN_DOCUMENTATION_COMMENTS = YES;
				CLANG_WARN_EMPTY_BODY = YES;
				CLANG_WARN_ENUM_CONVERSION = YES;
				CLANG_WARN_INFINITE_RECURSION = YES;
				CLANG_WARN_INT_CONVERSION = YES;
				CLANG_WARN_NON_LITERAL_NULL_CONVERSION = YES;
				CLANG_WARN_OBJC_IMPLICIT_RETAIN_SELF = YES;
				CLANG_WARN_OBJC_LITERAL_CONVERSION = YES;
				CLANG_WARN_OBJC_ROOT_CLASS = YES_ERROR;
				CLANG_WARN_QUOTED_INCLUDE_IN_FRAMEWORK_HEADER = YES;
				CLANG_WARN_RANGE_LOOP_ANALYSIS = YES;
				CLANG_WARN_STRICT_PROTOTYPES = YES;
				CLANG_WARN_SUSPICIOUS_MOVE = YES;
				CLANG_WARN_UNGUARDED_AVAILABILITY = YES_AGGRESSIVE;
				CLANG_WARN_UNREACHABLE_CODE = YES;
				CLANG_WARN__DUPLICATE_METHOD_MATCH = YES;
				COPY_PHASE_STRIP = NO;
				DEBUG_INFORMATION_FORMAT = dwarf;
				ENABLE_STRICT_OBJC_MSGSEND = YES;
				ENABLE_TESTABILITY = YES;
				GCC_C_LANGUAGE_STANDARD = gnu11;
				GCC_DYNAMIC_NO_PIC = NO;
				GCC_NO_COMMON_BLOCKS = YES;
				GCC_OPTIMIZATION_LEVEL = 0;
				GCC_PREPROCESSOR_DEFINITIONS = (
					"DEBUG=1",
					"$(inherited)",
				);
				GCC_WARN_64_TO_32_BIT_CONVERSION = YES;
				GCC_WARN_ABOUT_RETURN_TYPE = YES_ERROR;
				GCC_WARN_UNDECLARED_SELECTOR = YES;
				GCC_WARN_UNINITIALIZED_AUTOS = YES_AGGRESSIVE;
				GCC_WARN_UNUSED_FUNCTION = YES;
				GCC_WARN_UNUSED_VARIABLE = YES;
				IPHONEOS_DEPLOYMENT_TARGET = 16.2;
				MTL_ENABLE_DEBUG_INFO = INCLUDE_SOURCE;
				MTL_FAST_MATH = YES;
				ONLY_ACTIVE_ARCH = YES;
				SDKROOT = iphoneos;
				SWIFT_ACTIVE_COMPILATION_CONDITIONS = DEBUG;
				SWIFT_OPTIMIZATION_LEVEL = "-Onone";
			};
			name = Debug;
		};
		042822B82B3F4E4500BB8571 /* Release */ = {
			isa = XCBuildConfiguration;
			buildSettings = {
				ALWAYS_SEARCH_USER_PATHS = NO;
				CLANG_ANALYZER_NONNULL = YES;
				CLANG_ANALYZER_NUMBER_OBJECT_CONVERSION = YES_AGGRESSIVE;
				CLANG_CXX_LANGUAGE_STANDARD = "gnu++20";
				CLANG_ENABLE_MODULES = YES;
				CLANG_ENABLE_OBJC_ARC = YES;
				CLANG_ENABLE_OBJC_WEAK = YES;
				CLANG_WARN_BLOCK_CAPTURE_AUTORELEASING = YES;
				CLANG_WARN_BOOL_CONVERSION = YES;
				CLANG_WARN_COMMA = YES;
				CLANG_WARN_CONSTANT_CONVERSION = YES;
				CLANG_WARN_DEPRECATED_OBJC_IMPLEMENTATIONS = YES;
				CLANG_WARN_DIRECT_OBJC_ISA_USAGE = YES_ERROR;
				CLANG_WARN_DOCUMENTATION_COMMENTS = YES;
				CLANG_WARN_EMPTY_BODY = YES;
				CLANG_WARN_ENUM_CONVERSION = YES;
				CLANG_WARN_INFINITE_RECURSION = YES;
				CLANG_WARN_INT_CONVERSION = YES;
				CLANG_WARN_NON_LITERAL_NULL_CONVERSION = YES;
				CLANG_WARN_OBJC_IMPLICIT_RETAIN_SELF = YES;
				CLANG_WARN_OBJC_LITERAL_CONVERSION = YES;
				CLANG_WARN_OBJC_ROOT_CLASS = YES_ERROR;
				CLANG_WARN_QUOTED_INCLUDE_IN_FRAMEWORK_HEADER = YES;
				CLANG_WARN_RANGE_LOOP_ANALYSIS = YES;
				CLANG_WARN_STRICT_PROTOTYPES = YES;
				CLANG_WARN_SUSPICIOUS_MOVE = YES;
				CLANG_WARN_UNGUARDED_AVAILABILITY = YES_AGGRESSIVE;
				CLANG_WARN_UNREACHABLE_CODE = YES;
				CLANG_WARN__DUPLICATE_METHOD_MATCH = YES;
				COPY_PHASE_STRIP = NO;
				DEBUG_INFORMATION_FORMAT = "dwarf-with-dsym";
				ENABLE_NS_ASSERTIONS = NO;
				ENABLE_STRICT_OBJC_MSGSEND = YES;
				GCC_C_LANGUAGE_STANDARD = gnu11;
				GCC_NO_COMMON_BLOCKS = YES;
				GCC_WARN_64_TO_32_BIT_CONVERSION = YES;
				GCC_WARN_ABOUT_RETURN_TYPE = YES_ERROR;
				GCC_WARN_UNDECLARED_SELECTOR = YES;
				GCC_WARN_UNINITIALIZED_AUTOS = YES_AGGRESSIVE;
				GCC_WARN_UNUSED_FUNCTION = YES;
				GCC_WARN_UNUSED_VARIABLE = YES;
				IPHONEOS_DEPLOYMENT_TARGET = 16.2;
				MTL_ENABLE_DEBUG_INFO = NO;
				MTL_FAST_MATH = YES;
				SDKROOT = iphoneos;
				SWIFT_COMPILATION_MODE = wholemodule;
				SWIFT_OPTIMIZATION_LEVEL = "-O";
				VALIDATE_PRODUCT = YES;
			};
			name = Release;
		};
		042822BA2B3F4E4500BB8571 /* Debug */ = {
			isa = XCBuildConfiguration;
			buildSettings = {
				ASSETCATALOG_COMPILER_APPICON_NAME = AppIcon;
				ASSETCATALOG_COMPILER_GLOBAL_ACCENT_COLOR_NAME = AccentColor;
				CODE_SIGN_STYLE = Automatic;
				CURRENT_PROJECT_VERSION = 1;
				GENERATE_INFOPLIST_FILE = YES;
				INFOPLIST_FILE = RoundButton/Info.plist;
				INFOPLIST_KEY_UIApplicationSupportsIndirectInputEvents = YES;
				INFOPLIST_KEY_UILaunchStoryboardName = LaunchScreen;
				INFOPLIST_KEY_UIMainStoryboardFile = Main;
				INFOPLIST_KEY_UISupportedInterfaceOrientations_iPad = "UIInterfaceOrientationPortrait UIInterfaceOrientationPortraitUpsideDown UIInterfaceOrientationLandscapeLeft UIInterfaceOrientationLandscapeRight";
				INFOPLIST_KEY_UISupportedInterfaceOrientations_iPhone = "UIInterfaceOrientationPortrait UIInterfaceOrientationLandscapeLeft UIInterfaceOrientationLandscapeRight";
				LD_RUNPATH_SEARCH_PATHS = (
					"$(inherited)",
					"@executable_path/Frameworks",
				);
				MARKETING_VERSION = 1.0;
				PRODUCT_BUNDLE_IDENTIFIER = com.sai.RoundButton;
				PRODUCT_NAME = "$(TARGET_NAME)";
				SWIFT_EMIT_LOC_STRINGS = YES;
				SWIFT_VERSION = 5.0;
				TARGETED_DEVICE_FAMILY = "1,2";
			};
			name = Debug;
		};
		042822BB2B3F4E4500BB8571 /* Release */ = {
			isa = XCBuildConfiguration;
			buildSettings = {
				ASSETCATALOG_COMPILER_APPICON_NAME = AppIcon;
				ASSETCATALOG_COMPILER_GLOBAL_ACCENT_COLOR_NAME = AccentColor;
				CODE_SIGN_STYLE = Automatic;
				CURRENT_PROJECT_VERSION = 1;
				GENERATE_INFOPLIST_FILE = YES;
				INFOPLIST_FILE = RoundButton/Info.plist;
				INFOPLIST_KEY_UIApplicationSupportsIndirectInputEvents = YES;
				INFOPLIST_KEY_UILaunchStoryboardName = LaunchScreen;
				INFOPLIST_KEY_UIMainStoryboardFile = Main;
				INFOPLIST_KEY_UISupportedInterfaceOrientations_iPad = "UIInterfaceOrientationPortrait UIInterfaceOrientationPortraitUpsideDown UIInterfaceOrientationLandscapeLeft UIInterfaceOrientationLandscapeRight";
				INFOPLIST_KEY_UISupportedInterfaceOrientations_iPhone = "UIInterfaceOrientationPortrait UIInterfaceOrientationLandscapeLeft UIInterfaceOrientationLandscapeRight";
				LD_RUNPATH_SEARCH_PATHS = (
					"$(inherited)",
					"@executable_path/Frameworks",
				);
				MARKETING_VERSION = 1.0;
				PRODUCT_BUNDLE_IDENTIFIER = com.sai.RoundButton;
				PRODUCT_NAME = "$(TARGET_NAME)";
				SWIFT_EMIT_LOC_STRINGS = YES;
				SWIFT_VERSION = 5.0;
				TARGETED_DEVICE_FAMILY = "1,2";
			};
			name = Release;
		};
		042822BD2B3F4E4500BB8571 /* Debug */ = {
			isa = XCBuildConfiguration;
			buildSettings = {
				ALWAYS_EMBED_SWIFT_STANDARD_LIBRARIES = YES;
				BUNDLE_LOADER = "$(TEST_HOST)";
				CODE_SIGN_STYLE = Automatic;
				CURRENT_PROJECT_VERSION = 1;
				GENERATE_INFOPLIST_FILE = YES;
				IPHONEOS_DEPLOYMENT_TARGET = 16.2;
				MARKETING_VERSION = 1.0;
				PRODUCT_BUNDLE_IDENTIFIER = com.sai.RoundButtonTests;
				PRODUCT_NAME = "$(TARGET_NAME)";
				SWIFT_EMIT_LOC_STRINGS = NO;
				SWIFT_VERSION = 5.0;
				TARGETED_DEVICE_FAMILY = "1,2";
				TEST_HOST = "$(BUILT_PRODUCTS_DIR)/RoundButton.app/$(BUNDLE_EXECUTABLE_FOLDER_PATH)/RoundButton";
			};
			name = Debug;
		};
		042822BE2B3F4E4500BB8571 /* Release */ = {
			isa = XCBuildConfiguration;
			buildSettings = {
				ALWAYS_EMBED_SWIFT_STANDARD_LIBRARIES = YES;
				BUNDLE_LOADER = "$(TEST_HOST)";
				CODE_SIGN_STYLE = Automatic;
				CURRENT_PROJECT_VERSION = 1;
				GENERATE_INFOPLIST_FILE = YES;
				IPHONEOS_DEPLOYMENT_TARGET = 16.2;
				MARKETING_VERSION = 1.0;
				PRODUCT_BUNDLE_IDENTIFIER = com.sai.RoundButtonTests;
				PRODUCT_NAME = "$(TARGET_NAME)";
				SWIFT_EMIT_LOC_STRINGS = NO;
				SWIFT_VERSION = 5.0;
				TARGETED_DEVICE_FAMILY = "1,2";
				TEST_HOST = "$(BUILT_PRODUCTS_DIR)/RoundButton.app/$(BUNDLE_EXECUTABLE_FOLDER_PATH)/RoundButton";
			};
			name = Release;
		};
		042822C02B3F4E4500BB8571 /* Debug */ = {
			isa = XCBuildConfiguration;
			buildSettings = {
				ALWAYS_EMBED_SWIFT_STANDARD_LIBRARIES = YES;
				CODE_SIGN_STYLE = Automatic;
				CURRENT_PROJECT_VERSION = 1;
				GENERATE_INFOPLIST_FILE = YES;
				MARKETING_VERSION = 1.0;
				PRODUCT_BUNDLE_IDENTIFIER = com.sai.RoundButtonUITests;
				PRODUCT_NAME = "$(TARGET_NAME)";
				SWIFT_EMIT_LOC_STRINGS = NO;
				SWIFT_VERSION = 5.0;
				TARGETED_DEVICE_FAMILY = "1,2";
				TEST_TARGET_NAME = RoundButton;
			};
			name = Debug;
		};
		042822C12B3F4E4500BB8571 /* Release */ = {
			isa = XCBuildConfiguration;
			buildSettings = {
				ALWAYS_EMBED_SWIFT_STANDARD_LIBRARIES = YES;
				CODE_SIGN_STYLE = Automatic;
				CURRENT_PROJECT_VERSION = 1;
				GENERATE_INFOPLIST_FILE = YES;
				MARKETING_VERSION = 1.0;
				PRODUCT_BUNDLE_IDENTIFIER = com.sai.RoundButtonUITests;
				PRODUCT_NAME = "$(TARGET_NAME)";
				SWIFT_EMIT_LOC_STRINGS = NO;
				SWIFT_VERSION = 5.0;
				TARGETED_DEVICE_FAMILY = "1,2";
				TEST_TARGET_NAME = RoundButton;
			};
			name = Release;
		};
/* End XCBuildConfiguration section */

/* Begin XCConfigurationList section */
		0428228A2B3F4E4100BB8571 /* Build configuration list for PBXProject "RoundButton" */ = {
			isa = XCConfigurationList;
			buildConfigurations = (
				042822B72B3F4E4500BB8571 /* Debug */,
				042822B82B3F4E4500BB8571 /* Release */,
			);
			defaultConfigurationIsVisible = 0;
			defaultConfigurationName = Release;
		};
		042822B92B3F4E4500BB8571 /* Build configuration list for PBXNativeTarget "RoundButton" */ = {
			isa = XCConfigurationList;
			buildConfigurations = (
				042822BA2B3F4E4500BB8571 /* Debug */,
				042822BB2B3F4E4500BB8571 /* Release */,
			);
			defaultConfigurationIsVisible = 0;
			defaultConfigurationName = Release;
		};
		042822BC2B3F4E4500BB8571 /* Build configuration list for PBXNativeTarget "RoundButtonTests" */ = {
			isa = XCConfigurationList;
			buildConfigurations = (
				042822BD2B3F4E4500BB8571 /* Debug */,
				042822BE2B3F4E4500BB8571 /* Release */,
			);
			defaultConfigurationIsVisible = 0;
			defaultConfigurationName = Release;
		};
		042822BF2B3F4E4500BB8571 /* Build configuration list for PBXNativeTarget "RoundButtonUITests" */ = {
			isa = XCConfigurationList;
			buildConfigurations = (
				042822C02B3F4E4500BB8571 /* Debug */,
				042822C12B3F4E4500BB8571 /* Release */,
			);
			defaultConfigurationIsVisible = 0;
			defaultConfigurationName = Release;
		};
/* End XCConfigurationList section */
	};
	rootObject = 042822872B3F4E4100BB8571 /* Project object */;
}
